
Microsoft Visual Studio Solution File, Format Version 12.00
# Visual Studio Version 16
VisualStudioVersion = 16.0.29911.84
MinimumVisualStudioVersion = 10.0.40219.1
Project("{FAE04EC0-301F-11D3-BF4B-00C04F79EFBC}") = "MiniFacebookVisual", "MiniFacebookVisual.csproj", "{41478A75-C2F2-4F4F-BA70-47A011D56C91}"
	ProjectSection(ProjectDependencies) = postProject
		{A42AF0CE-B263-4B64-AF81-3F911EAFF869} = {A42AF0CE-B263-4B64-AF81-3F911EAFF869}
	EndProjectSection
EndProject
Project("{9A19103F-16F7-4668-BE54-9A1E7A4F7556}") = "MiniFacebook_API", "..\MiniFacebook_API\MiniFacebook_API.csproj", "{ED2FF1C6-5745-4070-B8E6-19E9E01F51E1}"
EndProject
Project("{9A19103F-16F7-4668-BE54-9A1E7A4F7556}") = "Core_API", "..\Core_API\Core_API.csproj", "{A42AF0CE-B263-4B64-AF81-3F911EAFF869}"
EndProject
Project("{9A19103F-16F7-4668-BE54-9A1E7A4F7556}") = "DAL_API", "..\DAL_API\DAL_API.csproj", "{8AD7C61A-3E86-4145-AE13-F9ED7DCB1F5A}"
EndProject
Project("{9A19103F-16F7-4668-BE54-9A1E7A4F7556}") = "Services_API", "..\Services_API\Services_API.csproj", "{C3F40BBD-FEBC-41FF-9C18-5BB347742D3C}"
EndProject
Global
	GlobalSection(SolutionConfigurationPlatforms) = preSolution
		Debug|Any CPU = Debug|Any CPU
		Release|Any CPU = Release|Any CPU
	EndGlobalSection
	GlobalSection(ProjectConfigurationPlatforms) = postSolution
		{41478A75-C2F2-4F4F-BA70-47A011D56C91}.Debug|Any CPU.ActiveCfg = Debug|Any CPU
		{41478A75-C2F2-4F4F-BA70-47A011D56C91}.Debug|Any CPU.Build.0 = Debug|Any CPU
		{41478A75-C2F2-4F4F-BA70-47A011D56C91}.Release|Any CPU.ActiveCfg = Release|Any CPU
		{41478A75-C2F2-4F4F-BA70-47A011D56C91}.Release|Any CPU.Build.0 = Release|Any CPU
		{ED2FF1C6-5745-4070-B8E6-19E9E01F51E1}.Debug|Any CPU.ActiveCfg = Debug|Any CPU
		{ED2FF1C6-5745-4070-B8E6-19E9E01F51E1}.Debug|Any CPU.Build.0 = Debug|Any CPU
		{ED2FF1C6-5745-4070-B8E6-19E9E01F51E1}.Release|Any CPU.ActiveCfg = Release|Any CPU
		{ED2FF1C6-5745-4070-B8E6-19E9E01F51E1}.Release|Any CPU.Build.0 = Release|Any CPU
		{A42AF0CE-B263-4B64-AF81-3F911EAFF869}.Debug|Any CPU.ActiveCfg = Debug|Any CPU
		{A42AF0CE-B263-4B64-AF81-3F911EAFF869}.Debug|Any CPU.Build.0 = Debug|Any CPU
		{A42AF0CE-B263-4B64-AF81-3F911EAFF869}.Release|Any CPU.ActiveCfg = Release|Any CPU
		{A42AF0CE-B263-4B64-AF81-3F911EAFF869}.Release|Any CPU.Build.0 = Release|Any CPU
		{8AD7C61A-3E86-4145-AE13-F9ED7DCB1F5A}.Debug|Any CPU.ActiveCfg = Debug|Any CPU
		{8AD7C61A-3E86-4145-AE13-F9ED7DCB1F5A}.Debug|Any CPU.Build.0 = Debug|Any CPU
		{8AD7C61A-3E86-4145-AE13-F9ED7DCB1F5A}.Release|Any CPU.ActiveCfg = Release|Any CPU
		{8AD7C61A-3E86-4145-AE13-F9ED7DCB1F5A}.Release|Any CPU.Build.0 = Release|Any CPU
		{C3F40BBD-FEBC-41FF-9C18-5BB347742D3C}.Debug|Any CPU.ActiveCfg = Debug|Any CPU
		{C3F40BBD-FEBC-41FF-9C18-5BB347742D3C}.Debug|Any CPU.Build.0 = Debug|Any CPU
		{C3F40BBD-FEBC-41FF-9C18-5BB347742D3C}.Release|Any CPU.ActiveCfg = Release|Any CPU
		{C3F40BBD-FEBC-41FF-9C18-5BB347742D3C}.Release|Any CPU.Build.0 = Release|Any CPU
	EndGlobalSection
	GlobalSection(SolutionProperties) = preSolution
		HideSolutionNode = FALSE
	EndGlobalSection
	GlobalSection(ExtensibilityGlobals) = postSolution
		SolutionGuid = {068E4C7B-3DB4-4941-840A-F190EBE830C3}
	EndGlobalSection
EndGlobal
